Microsoft Visual Studio Solution File, Format Version 12.00
# Visual Studio 14
VisualStudioVersion = 14.0.24720.0
MinimumVisualStudioVersion = 10.0.40219.1
Project("{FAE04EC0-301F-11D3-BF4B-00C04F79EFBC}") = "AllAuth.Lib", "..\Lib\src\AllAuth.Lib\AllAuth.Lib.csproj", "{C4F0810E-243E-419C-866B-F0FF5EBB0023}"
EndProject
Project("{FAE04EC0-301F-11D3-BF4B-00C04F79EFBC}") = "AllAuth.Lib.Db", "..\Lib\src\AllAuth.Lib.Db\AllAuth.Lib.Db.csproj", "{31739582-6BAC-41C9-97C0-460A9351D829}"
EndProject
Project("{FAE04EC0-301F-11D3-BF4B-00C04F79EFBC}") = "AllAuth.Lib.Db.Connection.Sqlite", "..\Lib\src\AllAuth.Lib.Db.Connection.Sqlite\AllAuth.Lib.Db.Connection.Sqlite.csproj", "{1BED036F-4D20-45EA-99C4-B78BC1E3A1D3}"
EndProject
Project("{FAE04EC0-301F-11D3-BF4B-00C04F79EFBC}") = "AllAuth.Desktop.Common.Models", "src\AllAuth.Desktop.Common.Models\AllAuth.Desktop.Common.Models.csproj", "{56629E9B-E1BC-412C-BE6F-7E618CF16C20}"
EndProject
Project("{FAE04EC0-301F-11D3-BF4B-00C04F79EFBC}") = "AllAuth.Desktop.Common.Database", "src\AllAuth.Desktop.Common.Database\AllAuth.Desktop.Common.Database.csproj", "{B98C7D98-675F-49AE-BBC7-CC2DB963BE49}"
EndProject
Project("{FAE04EC0-301F-11D3-BF4B-00C04F79EFBC}") = "AllAuth.Desktop", "src\AllAuth.Desktop\AllAuth.Desktop.csproj", "{8BF6D113-50B6-40F8-BF25-8D0D2F642FEE}"
EndProject
Global
	GlobalSection(SolutionConfigurationPlatforms) = preSolution
		Debug|Any CPU = Debug|Any CPU
		Debug|ARM = Debug|ARM
		Debug|iPhone = Debug|iPhone
		Debug|iPhoneSimulator = Debug|iPhoneSimulator
		Debug|x86 = Debug|x86
		Release|Any CPU = Release|Any CPU
		Release|ARM = Release|ARM
		Release|iPhone = Release|iPhone
		Release|iPhoneSimulator = Release|iPhoneSimulator
		Release|x86 = Release|x86
	EndGlobalSection
	GlobalSection(ProjectConfigurationPlatforms) = postSolution
		{C4F0810E-243E-419C-866B-F0FF5EBB0023}.Debug|Any CPU.ActiveCfg = Debug|Any CPU
		{C4F0810E-243E-419C-866B-F0FF5EBB0023}.Debug|Any CPU.Build.0 = Debug|Any CPU
		{C4F0810E-243E-419C-866B-F0FF5EBB0023}.Debug|ARM.ActiveCfg = Debug|Any CPU
		{C4F0810E-243E-419C-866B-F0FF5EBB0023}.Debug|ARM.Build.0 = Debug|Any CPU
		{C4F0810E-243E-419C-866B-F0FF5EBB0023}.Debug|iPhone.ActiveCfg = Debug|Any CPU
		{C4F0810E-243E-419C-866B-F0FF5EBB0023}.Debug|iPhone.Build.0 = Debug|Any CPU
		{C4F0810E-243E-419C-866B-F0FF5EBB0023}.Debug|iPhoneSimulator.ActiveCfg = Debug|Any CPU
		{C4F0810E-243E-419C-866B-F0FF5EBB0023}.Debug|iPhoneSimulator.Build.0 = Debug|Any CPU
		{C4F0810E-243E-419C-866B-F0FF5EBB0023}.Debug|x86.ActiveCfg = Debug|Any CPU
		{C4F0810E-243E-419C-866B-F0FF5EBB0023}.Debug|x86.Build.0 = Debug|Any CPU
		{C4F0810E-243E-419C-866B-F0FF5EBB0023}.Release|Any CPU.ActiveCfg = Release|Any CPU
		{C4F0810E-243E-419C-866B-F0FF5EBB0023}.Release|Any CPU.Build.0 = Release|Any CPU
		{C4F0810E-243E-419C-866B-F0FF5EBB0023}.Release|ARM.ActiveCfg = Release|Any CPU
		{C4F0810E-243E-419C-866B-F0FF5EBB0023}.Release|ARM.Build.0 = Release|Any CPU
		{C4F0810E-243E-419C-866B-F0FF5EBB0023}.Release|iPhone.ActiveCfg = Release|Any CPU
		{C4F0810E-243E-419C-866B-F0FF5EBB0023}.Release|iPhone.Build.0 = Release|Any CPU
		{C4F0810E-243E-419C-866B-F0FF5EBB0023}.Release|iPhoneSimulator.ActiveCfg = Release|Any CPU
		{C4F0810E-243E-419C-866B-F0FF5EBB0023}.Release|iPhoneSimulator.Build.0 = Release|Any CPU
		{C4F0810E-243E-419C-866B-F0FF5EBB0023}.Release|x86.ActiveCfg = Release|Any CPU
		{C4F0810E-243E-419C-866B-F0FF5EBB0023}.Release|x86.Build.0 = Release|Any CPU
		{31739582-6BAC-41C9-97C0-460A9351D829}.Debug|Any CPU.ActiveCfg = Debug|Any CPU
		{31739582-6BAC-41C9-97C0-460A9351D829}.Debug|Any CPU.Build.0 = Debug|Any CPU
		{31739582-6BAC-41C9-97C0-460A9351D829}.Debug|ARM.ActiveCfg = Debug|Any CPU
		{31739582-6BAC-41C9-97C0-460A9351D829}.Debug|ARM.Build.0 = Debug|Any CPU
		{31739582-6BAC-41C9-97C0-460A9351D829}.Debug|iPhone.ActiveCfg = Debug|Any CPU
		{31739582-6BAC-41C9-97C0-460A9351D829}.Debug|iPhone.Build.0 = Debug|Any CPU
		{31739582-6BAC-41C9-97C0-460A9351D829}.Debug|iPhoneSimulator.ActiveCfg = Debug|Any CPU
		{31739582-6BAC-41C9-97C0-460A9351D829}.Debug|iPhoneSimulator.Build.0 = Debug|Any CPU
		{31739582-6BAC-41C9-97C0-460A9351D829}.Debug|x86.ActiveCfg = Debug|Any CPU
		{31739582-6BAC-41C9-97C0-460A9351D829}.Debug|x86.Build.0 = Debug|Any CPU
		{31739582-6BAC-41C9-97C0-460A9351D829}.Release|Any CPU.ActiveCfg = Release|Any CPU
		{31739582-6BAC-41C9-97C0-460A9351D829}.Release|Any CPU.Build.0 = Release|Any CPU
		{31739582-6BAC-41C9-97C0-460A9351D829}.Release|ARM.ActiveCfg = Release|Any CPU
		{31739582-6BAC-41C9-97C0-460A9351D829}.Release|ARM.Build.0 = Release|Any CPU
		{31739582-6BAC-41C9-97C0-460A9351D829}.Release|iPhone.ActiveCfg = Release|Any CPU
		{31739582-6BAC-41C9-97C0-460A9351D829}.Release|iPhone.Build.0 = Release|Any CPU
		{31739582-6BAC-41C9-97C0-460A9351D829}.Release|iPhoneSimulator.ActiveCfg = Release|Any CPU
		{31739582-6BAC-41C9-97C0-460A9351D829}.Release|iPhoneSimulator.Build.0 = Release|Any CPU
		{31739582-6BAC-41C9-97C0-460A9351D829}.Release|x86.ActiveCfg = Release|Any CPU
		{31739582-6BAC-41C9-97C0-460A9351D829}.Release|x86.Build.0 = Release|Any CPU
		{1BED036F-4D20-45EA-99C4-B78BC1E3A1D3}.Debug|Any CPU.ActiveCfg = Debug|Any CPU
		{1BED036F-4D20-45EA-99C4-B78BC1E3A1D3}.Debug|Any CPU.Build.0 = Debug|Any CPU
		{1BED036F-4D20-45EA-99C4-B78BC1E3A1D3}.Debug|ARM.ActiveCfg = Debug|Any CPU
		{1BED036F-4D20-45EA-99C4-B78BC1E3A1D3}.Debug|ARM.Build.0 = Debug|Any CPU
		{1BED036F-4D20-45EA-99C4-B78BC1E3A1D3}.Debug|iPhone.ActiveCfg = Debug|Any CPU
		{1BED036F-4D20-45EA-99C4-B78BC1E3A1D3}.Debug|iPhone.Build.0 = Debug|Any CPU
		{1BED036F-4D20-45EA-99C4-B78BC1E3A1D3}.Debug|iPhoneSimulator.ActiveCfg = Debug|Any CPU
		{1BED036F-4D20-45EA-99C4-B78BC1E3A1D3}.Debug|iPhoneSimulator.Build.0 = Debug|Any CPU
		{1BED036F-4D20-45EA-99C4-B78BC1E3A1D3}.Debug|x86.ActiveCfg = Debug|Any CPU
		{1BED036F-4D20-45EA-99C4-B78BC1E3A1D3}.Debug|x86.Build.0 = Debug|Any CPU
		{1BED036F-4D20-45EA-99C4-B78BC1E3A1D3}.Release|Any CPU.ActiveCfg = Release|Any CPU
		{1BED036F-4D20-45EA-99C4-B78BC1E3A1D3}.Release|Any CPU.Build.0 = Release|Any CPU
		{1BED036F-4D20-45EA-99C4-B78BC1E3A1D3}.Release|ARM.ActiveCfg = Release|Any CPU
		{1BED036F-4D20-45EA-99C4-B78BC1E3A1D3}.Release|ARM.Build.0 = Release|Any CPU
		{1BED036F-4D20-45EA-99C4-B78BC1E3A1D3}.Release|iPhone.ActiveCfg = Release|Any CPU
		{1BED036F-4D20-45EA-99C4-B78BC1E3A1D3}.Release|iPhone.Build.0 = Release|Any CPU
		{1BED036F-4D20-45EA-99C4-B78BC1E3A1D3}.Release|iPhoneSimulator.ActiveCfg = Release|Any CPU
		{1BED036F-4D20-45EA-99C4-B78BC1E3A1D3}.Release|iPhoneSimulator.Build.0 = Release|Any CPU
		{1BED036F-4D20-45EA-99C4-B78BC1E3A1D3}.Release|x86.ActiveCfg = Release|Any CPU
		{1BED036F-4D20-45EA-99C4-B78BC1E3A1D3}.Release|x86.Build.0 = Release|Any CPU
		{56629E9B-E1BC-412C-BE6F-7E618CF16C20}.Debug|Any CPU.ActiveCfg = Debug|Any CPU
		{56629E9B-E1BC-412C-BE6F-7E618CF16C20}.Debug|Any CPU.Build.0 = Debug|Any CPU
		{56629E9B-E1BC-412C-BE6F-7E618CF16C20}.Debug|ARM.ActiveCfg = Debug|Any CPU
		{56629E9B-E1BC-412C-BE6F-7E618CF16C20}.Debug|ARM.Build.0 = Debug|Any CPU
		{56629E9B-E1BC-412C-BE6F-7E618CF16C20}.Debug|iPhone.ActiveCfg = Debug|Any CPU
		{56629E9B-E1BC-412C-BE6F-7E618CF16C20}.Debug|iPhone.Build.0 = Debug|Any CPU
		{56629E9B-E1BC-412C-BE6F-7E618CF16C20}.Debug|iPhoneSimulator.ActiveCfg = Debug|Any CPU
		{56629E9B-E1BC-412C-BE6F-7E618CF16C20}.Debug|iPhoneSimulator.Build.0 = Debug|Any CPU
		{56629E9B-E1BC-412C-BE6F-7E618CF16C20}.Debug|x86.ActiveCfg = Debug|Any CPU
		{56629E9B-E1BC-412C-BE6F-7E618CF16C20}.Debug|x86.Build.0 = Debug|Any CPU
		{56629E9B-E1BC-412C-BE6F-7E618CF16C20}.Release|Any CPU.ActiveCfg = Release|Any CPU
		{56629E9B-E1BC-412C-BE6F-7E618CF16C20}.Release|Any CPU.Build.0 = Release|Any CPU
		{56629E9B-E1BC-412C-BE6F-7E618CF16C20}.Release|ARM.ActiveCfg = Release|Any CPU
		{56629E9B-E1BC-412C-BE6F-7E618CF16C20}.Release|ARM.Build.0 = Release|Any CPU
		{56629E9B-E1BC-412C-BE6F-7E618CF16C20}.Release|iPhone.ActiveCfg = Release|Any CPU
		{56629E9B-E1BC-412C-BE6F-7E618CF16C20}.Release|iPhone.Build.0 = Release|Any CPU
		{56629E9B-E1BC-412C-BE6F-7E618CF16C20}.Release|iPhoneSimulator.ActiveCfg = Release|Any CPU
		{56629E9B-E1BC-412C-BE6F-7E618CF16C20}.Release|iPhoneSimulator.Build.0 = Release|Any CPU
		{56629E9B-E1BC-412C-BE6F-7E618CF16C20}.Release|x86.ActiveCfg = Release|Any CPU
		{56629E9B-E1BC-412C-BE6F-7E618CF16C20}.Release|x86.Build.0 = Release|Any CPU
		{B98C7D98-675F-49AE-BBC7-CC2DB963BE49}.Debug|Any CPU.ActiveCfg = Debug|Any CPU
		{B98C7D98-675F-49AE-BBC7-CC2DB963BE49}.Debug|Any CPU.Build.0 = Debug|Any CPU
		{B98C7D98-675F-49AE-BBC7-CC2DB963BE49}.Debug|ARM.ActiveCfg = Debug|Any CPU
		{B98C7D98-675F-49AE-BBC7-CC2DB963BE49}.Debug|ARM.Build.0 = Debug|Any CPU
		{B98C7D98-675F-49AE-BBC7-CC2DB963BE49}.Debug|iPhone.ActiveCfg = Debug|Any CPU
		{B98C7D98-675F-49AE-BBC7-CC2DB963BE49}.Debug|iPhone.Build.0 = Debug|Any CPU
		{B98C7D98-675F-49AE-BBC7-CC2DB963BE49}.Debug|iPhoneSimulator.ActiveCfg = Debug|Any CPU
		{B98C7D98-675F-49AE-BBC7-CC2DB963BE49}.Debug|iPhoneSimulator.Build.0 = Debug|Any CPU
		{B98C7D98-675F-49AE-BBC7-CC2DB963BE49}.Debug|x86.ActiveCfg = Debug|Any CPU
		{B98C7D98-675F-49AE-BBC7-CC2DB963BE49}.Debug|x86.Build.0 = Debug|Any CPU
		{B98C7D98-675F-49AE-BBC7-CC2DB963BE49}.Release|Any CPU.ActiveCfg = Release|Any CPU
		{B98C7D98-675F-49AE-BBC7-CC2DB963BE49}.Release|Any CPU.Build.0 = Release|Any CPU
		{B98C7D98-675F-49AE-BBC7-CC2DB963BE49}.Release|ARM.ActiveCfg = Release|Any CPU
		{B98C7D98-675F-49AE-BBC7-CC2DB963BE49}.Release|ARM.Build.0 = Release|Any CPU
		{B98C7D98-675F-49AE-BBC7-CC2DB963BE49}.Release|iPhone.ActiveCfg = Release|Any CPU
		{B98C7D98-675F-49AE-BBC7-CC2DB963BE49}.Release|iPhone.Build.0 = Release|Any CPU
		{B98C7D98-675F-49AE-BBC7-CC2DB963BE49}.Release|iPhoneSimulator.ActiveCfg = Release|Any CPU
		{B98C7D98-675F-49AE-BBC7-CC2DB963BE49}.Release|iPhoneSimulator.Build.0 = Release|Any CPU
		{B98C7D98-675F-49AE-BBC7-CC2DB963BE49}.Release|x86.ActiveCfg = Release|Any CPU
		{B98C7D98-675F-49AE-BBC7-CC2DB963BE49}.Release|x86.Build.0 = Release|Any CPU
		{8BF6D113-50B6-40F8-BF25-8D0D2F642FEE}.Debug|Any CPU.ActiveCfg = Debug|Any CPU
		{8BF6D113-50B6-40F8-BF25-8D0D2F642FEE}.Debug|Any CPU.Build.0 = Debug|Any CPU
		{8BF6D113-50B6-40F8-BF25-8D0D2F642FEE}.Debug|ARM.ActiveCfg = Debug|Any CPU
		{8BF6D113-50B6-40F8-BF25-8D0D2F642FEE}.Debug|ARM.Build.0 = Debug|Any CPU
		{8BF6D113-50B6-40F8-BF25-8D0D2F642FEE}.Debug|iPhone.ActiveCfg = Debug|Any CPU
		{8BF6D113-50B6-40F8-BF25-8D0D2F642FEE}.Debug|iPhone.Build.0 = Debug|Any CPU
		{8BF6D113-50B6-40F8-BF25-8D0D2F642FEE}.Debug|iPhoneSimulator.ActiveCfg = Debug|Any CPU
		{8BF6D113-50B6-40F8-BF25-8D0D2F642FEE}.Debug|iPhoneSimulator.Build.0 = Debug|Any CPU
		{8BF6D113-50B6-40F8-BF25-8D0D2F642FEE}.Debug|x86.ActiveCfg = Debug|Any CPU
		{8BF6D113-50B6-40F8-BF25-8D0D2F642FEE}.Debug|x86.Build.0 = Debug|Any CPU
		{8BF6D113-50B6-40F8-BF25-8D0D2F642FEE}.Release|Any CPU.ActiveCfg = Release|Any CPU
		{8BF6D113-50B6-40F8-BF25-8D0D2F642FEE}.Release|Any CPU.Build.0 = Release|Any CPU
		{8BF6D113-50B6-40F8-BF25-8D0D2F642FEE}.Release|ARM.ActiveCfg = Release|Any CPU
		{8BF6D113-50B6-40F8-BF25-8D0D2F642FEE}.Release|ARM.Build.0 = Release|Any CPU
		{8BF6D113-50B6-40F8-BF25-8D0D2F642FEE}.Release|iPhone.ActiveCfg = Release|Any CPU
		{8BF6D113-50B6-40F8-BF25-8D0D2F642FEE}.Release|iPhone.Build.0 = Release|Any CPU
		{8BF6D113-50B6-40F8-BF25-8D0D2F642FEE}.Release|iPhoneSimulator.ActiveCfg = Release|Any CPU
		{8BF6D113-50B6-40F8-BF25-8D0D2F642FEE}.Release|iPhoneSimulator.Build.0 = Release|Any CPU
		{8BF6D113-50B6-40F8-BF25-8D0D2F642FEE}.Release|x86.ActiveCfg = Release|Any CPU
		{8BF6D113-50B6-40F8-BF25-8D0D2F642FEE}.Release|x86.Build.0 = Release|Any CPU
	EndGlobalSection
	GlobalSection(SolutionProperties) = preSolution
		HideSolutionNode = FALSE
	EndGlobalSection
EndGlobal
